// !$*UTF8*$!
{
	archiveVersion = 1;
	classes = {
	};
	objectVersion = 56;
	objects = {

/* Begin PBXBuildFile section */
		3E2757F82A4E6771003D09B9 /* RowItemView.swift in Sources */ = {isa = PBXBuildFile; fileRef = 3E2757F72A4E6771003D09B9 /* RowItemView.swift */; };
		3E2757FA2A4E7999003D09B9 /* ScreenHelper.swift in Sources */ = {isa = PBXBuildFile; fileRef = 3E2757F92A4E7999003D09B9 /* ScreenHelper.swift */; };
		3E2757FC2A4F248C003D09B9 /* SwipeSingleRowOnly.swift in Sources */ = {isa = PBXBuildFile; fileRef = 3E2757FB2A4F248C003D09B9 /* SwipeSingleRowOnly.swift */; };
		3E2758022A4F4B2D003D09B9 /* ListView+DataChanges.swift in Sources */ = {isa = PBXBuildFile; fileRef = 3E2758012A4F4B2D003D09B9 /* ListView+DataChanges.swift */; };
		3E464D532A5E71BB00230F58 /* CustomPicker.swift in Sources */ = {isa = PBXBuildFile; fileRef = 3E464D522A5E71BB00230F58 /* CustomPicker.swift */; };
		3E5801CD2A4DF27B00BB44F4 /* CustomTextField.swift in Sources */ = {isa = PBXBuildFile; fileRef = 3E5801CC2A4DF27B00BB44F4 /* CustomTextField.swift */; };
		3E5801CF2A4DF86200BB44F4 /* CustomTextEditor.swift in Sources */ = {isa = PBXBuildFile; fileRef = 3E5801CE2A4DF86200BB44F4 /* CustomTextEditor.swift */; };
		3EB6F74F2A4D7B49005E5571 /* Tasks_MatrixApp.swift in Sources */ = {isa = PBXBuildFile; fileRef = 3EB6F74E2A4D7B49005E5571 /* Tasks_MatrixApp.swift */; };
		3EB6F7512A4D7B49005E5571 /* MatrixListView.swift in Sources */ = {isa = PBXBuildFile; fileRef = 3EB6F7502A4D7B49005E5571 /* MatrixListView.swift */; };
		3EB6F7532A4D7B4A005E5571 /* Assets.xcassets in Resources */ = {isa = PBXBuildFile; fileRef = 3EB6F7522A4D7B4A005E5571 /* Assets.xcassets */; };
		3EB6F7562A4D7B4A005E5571 /* Preview Assets.xcassets in Resources */ = {isa = PBXBuildFile; fileRef = 3EB6F7552A4D7B4A005E5571 /* Preview Assets.xcassets */; };
		3EB6F75F2A4D8B8F005E5571 /* MatrixItemView.swift in Sources */ = {isa = PBXBuildFile; fileRef = 3EB6F75E2A4D8B8F005E5571 /* MatrixItemView.swift */; };
		3EB6F7622A4D8BB1005E5571 /* Matrix.swift in Sources */ = {isa = PBXBuildFile; fileRef = 3EB6F7612A4D8BB1005E5571 /* Matrix.swift */; };
		3EB6F7642A4D8BC0005E5571 /* Status.swift in Sources */ = {isa = PBXBuildFile; fileRef = 3EB6F7632A4D8BC0005E5571 /* Status.swift */; };
		3EB6F7692A4D8C0C005E5571 /* ListView.swift in Sources */ = {isa = PBXBuildFile; fileRef = 3EB6F7682A4D8C0C005E5571 /* ListView.swift */; };
		3EB6F76B2A4D8C20005E5571 /* KanbanPickerView.swift in Sources */ = {isa = PBXBuildFile; fileRef = 3EB6F76A2A4D8C20005E5571 /* KanbanPickerView.swift */; };
		3EB6F76E2A4DB6D5005E5571 /* AddEditForm.swift in Sources */ = {isa = PBXBuildFile; fileRef = 3EB6F76D2A4DB6D5005E5571 /* AddEditForm.swift */; };
		3EB6F7702A4DBBC5005E5571 /* AddEditTaskItemSheet.swift in Sources */ = {isa = PBXBuildFile; fileRef = 3EB6F76F2A4DBBC5005E5571 /* AddEditTaskItemSheet.swift */; };
		3EB910402A54F2A8009F15A2 /* SwipeToRightContent.swift in Sources */ = {isa = PBXBuildFile; fileRef = 3EB9103F2A54F2A8009F15A2 /* SwipeToRightContent.swift */; };
		3EB910422A54F342009F15A2 /* SwipeToLeftContent.swift in Sources */ = {isa = PBXBuildFile; fileRef = 3EB910412A54F342009F15A2 /* SwipeToLeftContent.swift */; };
		3EB910672A58F3E4009F15A2 /* TasksMatrix.xcdatamodeld in Sources */ = {isa = PBXBuildFile; fileRef = 3EB910652A58F3E4009F15A2 /* TasksMatrix.xcdatamodeld */; };
		3EB910892A5BD374009F15A2 /* Persistence.swift in Sources */ = {isa = PBXBuildFile; fileRef = 3EB910882A5BD374009F15A2 /* Persistence.swift */; };
		3EB910982A5C0D65009F15A2 /* TaskItem+CoreDataClass.swift in Sources */ = {isa = PBXBuildFile; fileRef = 3EB910962A5C0D65009F15A2 /* TaskItem+CoreDataClass.swift */; };
		3EEEF4A32A687A1A00DB1BEF /* TaskItem+CoreDataProperties.swift in Sources */ = {isa = PBXBuildFile; fileRef = 3EEEF4A12A687A1A00DB1BEF /* TaskItem+CoreDataProperties.swift */; };
/* End PBXBuildFile section */

/* Begin PBXFileReference section */
		3E2757F72A4E6771003D09B9 /* RowItemView.swift */ = {isa = PBXFileReference; lastKnownFileType = sourcecode.swift; path = RowItemView.swift; sourceTree = "<group>"; };
		3E2757F92A4E7999003D09B9 /* ScreenHelper.swift */ = {isa = PBXFileReference; lastKnownFileType = sourcecode.swift; path = ScreenHelper.swift; sourceTree = "<group>"; };
		3E2757FB2A4F248C003D09B9 /* SwipeSingleRowOnly.swift */ = {isa = PBXFileReference; lastKnownFileType = sourcecode.swift; path = SwipeSingleRowOnly.swift; sourceTree = "<group>"; };
		3E2758012A4F4B2D003D09B9 /* ListView+DataChanges.swift */ = {isa = PBXFileReference; lastKnownFileType = sourcecode.swift; path = "ListView+DataChanges.swift"; sourceTree = "<group>"; };
		3E464D522A5E71BB00230F58 /* CustomPicker.swift */ = {isa = PBXFileReference; lastKnownFileType = sourcecode.swift; path = CustomPicker.swift; sourceTree = "<group>"; };
		3E5801CC2A4DF27B00BB44F4 /* CustomTextField.swift */ = {isa = PBXFileReference; lastKnownFileType = sourcecode.swift; path = CustomTextField.swift; sourceTree = "<group>"; };
		3E5801CE2A4DF86200BB44F4 /* CustomTextEditor.swift */ = {isa = PBXFileReference; lastKnownFileType = sourcecode.swift; path = CustomTextEditor.swift; sourceTree = "<group>"; };
		3EB6F74B2A4D7B49005E5571 /* Tasks Matrix.app */ = {isa = PBXFileReference; explicitFileType = wrapper.application; includeInIndex = 0; path = "Tasks Matrix.app"; sourceTree = BUILT_PRODUCTS_DIR; };
		3EB6F74E2A4D7B49005E5571 /* Tasks_MatrixApp.swift */ = {isa = PBXFileReference; lastKnownFileType = sourcecode.swift; path = Tasks_MatrixApp.swift; sourceTree = "<group>"; };
		3EB6F7502A4D7B49005E5571 /* MatrixListView.swift */ = {isa = PBXFileReference; lastKnownFileType = sourcecode.swift; path = MatrixListView.swift; sourceTree = "<group>"; };
		3EB6F7522A4D7B4A005E5571 /* Assets.xcassets */ = {isa = PBXFileReference; lastKnownFileType = folder.assetcatalog; path = Assets.xcassets; sourceTree = "<group>"; };
		3EB6F7552A4D7B4A005E5571 /* Preview Assets.xcassets */ = {isa = PBXFileReference; lastKnownFileType = folder.assetcatalog; path = "Preview Assets.xcassets"; sourceTree = "<group>"; };
		3EB6F75E2A4D8B8F005E5571 /* MatrixItemView.swift */ = {isa = PBXFileReference; lastKnownFileType = sourcecode.swift; path = MatrixItemView.swift; sourceTree = "<group>"; };
		3EB6F7612A4D8BB1005E5571 /* Matrix.swift */ = {isa = PBXFileReference; lastKnownFileType = sourcecode.swift; path = Matrix.swift; sourceTree = "<group>"; };
		3EB6F7632A4D8BC0005E5571 /* Status.swift */ = {isa = PBXFileReference; lastKnownFileType = sourcecode.swift; path = Status.swift; sourceTree = "<group>"; };
		3EB6F7682A4D8C0C005E5571 /* ListView.swift */ = {isa = PBXFileReference; lastKnownFileType = sourcecode.swift; path = ListView.swift; sourceTree = "<group>"; };
		3EB6F76A2A4D8C20005E5571 /* KanbanPickerView.swift */ = {isa = PBXFileReference; lastKnownFileType = sourcecode.swift; path = KanbanPickerView.swift; sourceTree = "<group>"; };
		3EB6F76D2A4DB6D5005E5571 /* AddEditForm.swift */ = {isa = PBXFileReference; lastKnownFileType = sourcecode.swift; path = AddEditForm.swift; sourceTree = "<group>"; };
		3EB6F76F2A4DBBC5005E5571 /* AddEditTaskItemSheet.swift */ = {isa = PBXFileReference; lastKnownFileType = sourcecode.swift; path = AddEditTaskItemSheet.swift; sourceTree = "<group>"; };
		3EB9103F2A54F2A8009F15A2 /* SwipeToRightContent.swift */ = {isa = PBXFileReference; lastKnownFileType = sourcecode.swift; path = SwipeToRightContent.swift; sourceTree = "<group>"; };
		3EB910412A54F342009F15A2 /* SwipeToLeftContent.swift */ = {isa = PBXFileReference; lastKnownFileType = sourcecode.swift; path = SwipeToLeftContent.swift; sourceTree = "<group>"; };
		3EB910662A58F3E4009F15A2 /* TasksMatrix.xcdatamodel */ = {isa = PBXFileReference; lastKnownFileType = wrapper.xcdatamodel; path = TasksMatrix.xcdatamodel; sourceTree = "<group>"; };
		3EB910882A5BD374009F15A2 /* Persistence.swift */ = {isa = PBXFileReference; lastKnownFileType = sourcecode.swift; path = Persistence.swift; sourceTree = "<group>"; };
		3EB910962A5C0D65009F15A2 /* TaskItem+CoreDataClass.swift */ = {isa = PBXFileReference; lastKnownFileType = sourcecode.swift; path = "TaskItem+CoreDataClass.swift"; sourceTree = "<group>"; };
		3EEEF4A12A687A1A00DB1BEF /* TaskItem+CoreDataProperties.swift */ = {isa = PBXFileReference; lastKnownFileType = sourcecode.swift; path = "TaskItem+CoreDataProperties.swift"; sourceTree = "<group>"; };
/* End PBXFileReference section */

/* Begin PBXFrameworksBuildPhase section */
		3EB6F7482A4D7B49005E5571 /* Frameworks */ = {
			isa = PBXFrameworksBuildPhase;
			buildActionMask = 2147483647;
			files = (
			);
			runOnlyForDeploymentPostprocessing = 0;
		};
/* End PBXFrameworksBuildPhase section */

/* Begin PBXGroup section */
		3E5801CB2A4DF02A00BB44F4 /* Helpers */ = {
			isa = PBXGroup;
			children = (
				3E2757FB2A4F248C003D09B9 /* SwipeSingleRowOnly.swift */,
				3E2757F92A4E7999003D09B9 /* ScreenHelper.swift */,
				3E464D522A5E71BB00230F58 /* CustomPicker.swift */,
				3E5801CC2A4DF27B00BB44F4 /* CustomTextField.swift */,
				3E5801CE2A4DF86200BB44F4 /* CustomTextEditor.swift */,
			);
			path = Helpers;
			sourceTree = "<group>";
		};
		3EB6F7422A4D7B49005E5571 = {
			isa = PBXGroup;
			children = (
				3EB6F74D2A4D7B49005E5571 /* Tasks Matrix */,
				3EB6F74C2A4D7B49005E5571 /* Products */,
			);
			sourceTree = "<group>";
		};
		3EB6F74C2A4D7B49005E5571 /* Products */ = {
			isa = PBXGroup;
			children = (
				3EB6F74B2A4D7B49005E5571 /* Tasks Matrix.app */,
			);
			name = Products;
			sourceTree = "<group>";
		};
		3EB6F74D2A4D7B49005E5571 /* Tasks Matrix */ = {
			isa = PBXGroup;
			children = (
				3E5801CB2A4DF02A00BB44F4 /* Helpers */,
				3EB6F7602A4D8BA5005E5571 /* Models */,
				3EB6F76C2A4DB6B4005E5571 /* AddEditTaskItem */,
				3EB6F7672A4D8BF2005E5571 /* ListView */,
				3EB6F75D2A4D8B4D005E5571 /* MatrixView */,
				3EB6F74E2A4D7B49005E5571 /* Tasks_MatrixApp.swift */,
				3EB910882A5BD374009F15A2 /* Persistence.swift */,
				3EB910652A58F3E4009F15A2 /* TasksMatrix.xcdatamodeld */,
				3EB6F7522A4D7B4A005E5571 /* Assets.xcassets */,
				3EB6F7542A4D7B4A005E5571 /* Preview Content */,
			);
			path = "Tasks Matrix";
			sourceTree = "<group>";
		};
		3EB6F7542A4D7B4A005E5571 /* Preview Content */ = {
			isa = PBXGroup;
			children = (
				3EB6F7552A4D7B4A005E5571 /* Preview Assets.xcassets */,
			);
			path = "Preview Content";
			sourceTree = "<group>";
		};
		3EB6F75D2A4D8B4D005E5571 /* MatrixView */ = {
			isa = PBXGroup;
			children = (
				3EB6F7502A4D7B49005E5571 /* MatrixListView.swift */,
				3EB6F75E2A4D8B8F005E5571 /* MatrixItemView.swift */,
			);
			path = MatrixView;
			sourceTree = "<group>";
		};
		3EB6F7602A4D8BA5005E5571 /* Models */ = {
			isa = PBXGroup;
			children = (
				3EB910962A5C0D65009F15A2 /* TaskItem+CoreDataClass.swift */,
				3EEEF4A12A687A1A00DB1BEF /* TaskItem+CoreDataProperties.swift */,
				3EB6F7612A4D8BB1005E5571 /* Matrix.swift */,
				3EB6F7632A4D8BC0005E5571 /* Status.swift */,
			);
			path = Models;
			sourceTree = "<group>";
		};
		3EB6F7672A4D8BF2005E5571 /* ListView */ = {
			isa = PBXGroup;
			children = (
				3E2758012A4F4B2D003D09B9 /* ListView+DataChanges.swift */,
				3EB6F7682A4D8C0C005E5571 /* ListView.swift */,
				3E2757F72A4E6771003D09B9 /* RowItemView.swift */,
				3EB9103F2A54F2A8009F15A2 /* SwipeToRightContent.swift */,
				3EB910412A54F342009F15A2 /* SwipeToLeftContent.swift */,
				3EB6F76A2A4D8C20005E5571 /* KanbanPickerView.swift */,
			);
			path = ListView;
			sourceTree = "<group>";
		};
		3EB6F76C2A4DB6B4005E5571 /* AddEditTaskItem */ = {
			isa = PBXGroup;
			children = (
				3EB6F76D2A4DB6D5005E5571 /* AddEditForm.swift */,
				3EB6F76F2A4DBBC5005E5571 /* AddEditTaskItemSheet.swift */,
			);
			path = AddEditTaskItem;
			sourceTree = "<group>";
		};
/* End PBXGroup section */

/* Begin PBXNativeTarget section */
		3EB6F74A2A4D7B49005E5571 /* Tasks Matrix */ = {
			isa = PBXNativeTarget;
			buildConfigurationList = 3EB6F7592A4D7B4A005E5571 /* Build configuration list for PBXNativeTarget "Tasks Matrix" */;
			buildPhases = (
				3EB6F7472A4D7B49005E5571 /* Sources */,
				3EB6F7482A4D7B49005E5571 /* Frameworks */,
				3EB6F7492A4D7B49005E5571 /* Resources */,
			);
			buildRules = (
			);
			dependencies = (
			);
			name = "Tasks Matrix";
			productName = "Tasks Matrix";
			productReference = 3EB6F74B2A4D7B49005E5571 /* Tasks Matrix.app */;
			productType = "com.apple.product-type.application";
		};
/* End PBXNativeTarget section */

/* Begin PBXProject section */
		3EB6F7432A4D7B49005E5571 /* Project object */ = {
			isa = PBXProject;
			attributes = {
				BuildIndependentTargetsInParallel = 1;
				LastSwiftUpdateCheck = 1430;
				LastUpgradeCheck = 1430;
				TargetAttributes = {
					3EB6F74A2A4D7B49005E5571 = {
						CreatedOnToolsVersion = 14.3.1;
					};
				};
			};
			buildConfigurationList = 3EB6F7462A4D7B49005E5571 /* Build configuration list for PBXProject "Tasks Matrix" */;
			compatibilityVersion = "Xcode 14.0";
			developmentRegion = en;
			hasScannedForEncodings = 0;
			knownRegions = (
				en,
				Base,
			);
			mainGroup = 3EB6F7422A4D7B49005E5571;
			productRefGroup = 3EB6F74C2A4D7B49005E5571 /* Products */;
			projectDirPath = "";
			projectRoot = "";
			targets = (
				3EB6F74A2A4D7B49005E5571 /* Tasks Matrix */,
			);
		};
/* End PBXProject section */

/* Begin PBXResourcesBuildPhase section */
		3EB6F7492A4D7B49005E5571 /* Resources */ = {
			isa = PBXResourcesBuildPhase;
			buildActionMask = 2147483647;
			files = (
				3EB6F7562A4D7B4A005E5571 /* Preview Assets.xcassets in Resources */,
				3EB6F7532A4D7B4A005E5571 /* Assets.xcassets in Resources */,
			);
			runOnlyForDeploymentPostprocessing = 0;
		};
/* End PBXResourcesBuildPhase section */

/* Begin PBXSourcesBuildPhase section */
		3EB6F7472A4D7B49005E5571 /* Sources */ = {
			isa = PBXSourcesBuildPhase;
			buildActionMask = 2147483647;
			files = (
				3E5801CF2A4DF86200BB44F4 /* CustomTextEditor.swift in Sources */,
				3EB6F7622A4D8BB1005E5571 /* Matrix.swift in Sources */,
				3E5801CD2A4DF27B00BB44F4 /* CustomTextField.swift in Sources */,
				3E2757FA2A4E7999003D09B9 /* ScreenHelper.swift in Sources */,
				3EB6F7642A4D8BC0005E5571 /* Status.swift in Sources */,
				3EB6F7692A4D8C0C005E5571 /* ListView.swift in Sources */,
				3E2757FC2A4F248C003D09B9 /* SwipeSingleRowOnly.swift in Sources */,
				3EB6F7512A4D7B49005E5571 /* MatrixListView.swift in Sources */,
				3EB910892A5BD374009F15A2 /* Persistence.swift in Sources */,
				3EEEF4A32A687A1A00DB1BEF /* TaskItem+CoreDataProperties.swift in Sources */,
				3EB6F76B2A4D8C20005E5571 /* KanbanPickerView.swift in Sources */,
				3EB6F76E2A4DB6D5005E5571 /* AddEditForm.swift in Sources */,
				3EB910402A54F2A8009F15A2 /* SwipeToRightContent.swift in Sources */,
				3E464D532A5E71BB00230F58 /* CustomPicker.swift in Sources */,
				3E2758022A4F4B2D003D09B9 /* ListView+DataChanges.swift in Sources */,
				3EB910422A54F342009F15A2 /* SwipeToLeftContent.swift in Sources */,
				3EB910672A58F3E4009F15A2 /* TasksMatrix.xcdatamodeld in Sources */,
				3EB6F7702A4DBBC5005E5571 /* AddEditTaskItemSheet.swift in Sources */,
				3EB910982A5C0D65009F15A2 /* TaskItem+CoreDataClass.swift in Sources */,
				3EB6F74F2A4D7B49005E5571 /* Tasks_MatrixApp.swift in Sources */,
				3EB6F75F2A4D8B8F005E5571 /* MatrixItemView.swift in Sources */,
				3E2757F82A4E6771003D09B9 /* RowItemView.swift in Sources */,
			);
			runOnlyForDeploymentPostprocessing = 0;
		};
/* End PBXSourcesBuildPhase section */

/* Begin XCBuildConfiguration section */
		3EB6F7572A4D7B4A005E5571 /* Debug */ = {
			isa = XCBuildConfiguration;
			buildSettings = {
				ALWAYS_SEARCH_USER_PATHS = NO;
				CLANG_ANALYZER_NONNULL = YES;
				CLANG_ANALYZER_NUMBER_OBJECT_CONVERSION = YES_AGGRESSIVE;
				CLANG_CXX_LANGUAGE_STANDARD = "gnu++20";
				CLANG_ENABLE_MODULES = YES;
				CLANG_ENABLE_OBJC_ARC = YES;
				CLANG_ENABLE_OBJC_WEAK = YES;
				CLANG_WARN_BLOCK_CAPTURE_AUTORELEASING = YES;
				CLANG_WARN_BOOL_CONVERSION = YES;
				CLANG_WARN_COMMA = YES;
				CLANG_WARN_CONSTANT_CONVERSION = YES;
				CLANG_WARN_DEPRECATED_OBJC_IMPLEMENTATIONS = YES;
				CLANG_WARN_DIRECT_OBJC_ISA_USAGE = YES_ERROR;
				CLANG_WARN_DOCUMENTATION_COMMENTS = YES;
				CLANG_WARN_EMPTY_BODY = YES;
				CLANG_WARN_ENUM_CONVERSION = YES;
				CLANG_WARN_INFINITE_RECURSION = YES;
				CLANG_WARN_INT_CONVERSION = YES;
				CLANG_WARN_NON_LITERAL_NULL_CONVERSION = YES;
				CLANG_WARN_OBJC_IMPLICIT_RETAIN_SELF = YES;
				CLANG_WARN_OBJC_LITERAL_CONVERSION = YES;
				CLANG_WARN_OBJC_ROOT_CLASS = YES_ERROR;
				CLANG_WARN_QUOTED_INCLUDE_IN_FRAMEWORK_HEADER = YES;
				CLANG_WARN_RANGE_LOOP_ANALYSIS = YES;
				CLANG_WARN_STRICT_PROTOTYPES = YES;
				CLANG_WARN_SUSPICIOUS_MOVE = YES;
				CLANG_WARN_UNGUARDED_AVAILABILITY = YES_AGGRESSIVE;
				CLANG_WARN_UNREACHABLE_CODE = YES;
				CLANG_WARN__DUPLICATE_METHOD_MATCH = YES;
				COPY_PHASE_STRIP = NO;
				DEBUG_INFORMATION_FORMAT = dwarf;
				ENABLE_STRICT_OBJC_MSGSEND = YES;
				ENABLE_TESTABILITY = YES;
				GCC_C_LANGUAGE_STANDARD = gnu11;
				GCC_DYNAMIC_NO_PIC = NO;
				GCC_NO_COMMON_BLOCKS = YES;
				GCC_OPTIMIZATION_LEVEL = 0;
				GCC_PREPROCESSOR_DEFINITIONS = (
					"DEBUG=1",
					"$(inherited)",
				);
				GCC_WARN_64_TO_32_BIT_CONVERSION = YES;
				GCC_WARN_ABOUT_RETURN_TYPE = YES_ERROR;
				GCC_WARN_UNDECLARED_SELECTOR = YES;
				GCC_WARN_UNINITIALIZED_AUTOS = YES_AGGRESSIVE;
				GCC_WARN_UNUSED_FUNCTION = YES;
				GCC_WARN_UNUSED_VARIABLE = YES;
				IPHONEOS_DEPLOYMENT_TARGET = 16.4;
				MTL_ENABLE_DEBUG_INFO = INCLUDE_SOURCE;
				MTL_FAST_MATH = YES;
				ONLY_ACTIVE_ARCH = YES;
				SDKROOT = iphoneos;
				SWIFT_ACTIVE_COMPILATION_CONDITIONS = DEBUG;
				SWIFT_OPTIMIZATION_LEVEL = "-Onone";
			};
			name = Debug;
		};
		3EB6F7582A4D7B4A005E5571 /* Release */ = {
			isa = XCBuildConfiguration;
			buildSettings = {
				ALWAYS_SEARCH_USER_PATHS = NO;
				CLANG_ANALYZER_NONNULL = YES;
				CLANG_ANALYZER_NUMBER_OBJECT_CONVERSION = YES_AGGRESSIVE;
				CLANG_CXX_LANGUAGE_STANDARD = "gnu++20";
				CLANG_ENABLE_MODULES = YES;
				CLANG_ENABLE_OBJC_ARC = YES;
				CLANG_ENABLE_OBJC_WEAK = YES;
				CLANG_WARN_BLOCK_CAPTURE_AUTORELEASING = YES;
				CLANG_WARN_BOOL_CONVERSION = YES;
				CLANG_WARN_COMMA = YES;
				CLANG_WARN_CONSTANT_CONVERSION = YES;
				CLANG_WARN_DEPRECATED_OBJC_IMPLEMENTATIONS = YES;
				CLANG_WARN_DIRECT_OBJC_ISA_USAGE = YES_ERROR;
				CLANG_WARN_DOCUMENTATION_COMMENTS = YES;
				CLANG_WARN_EMPTY_BODY = YES;
				CLANG_WARN_ENUM_CONVERSION = YES;
				CLANG_WARN_INFINITE_RECURSION = YES;
				CLANG_WARN_INT_CONVERSION = YES;
				CLANG_WARN_NON_LITERAL_NULL_CONVERSION = YES;
				CLANG_WARN_OBJC_IMPLICIT_RETAIN_SELF = YES;
				CLANG_WARN_OBJC_LITERAL_CONVERSION = YES;
				CLANG_WARN_OBJC_ROOT_CLASS = YES_ERROR;
				CLANG_WARN_QUOTED_INCLUDE_IN_FRAMEWORK_HEADER = YES;
				CLANG_WARN_RANGE_LOOP_ANALYSIS = YES;
				CLANG_WARN_STRICT_PROTOTYPES = YES;
				CLANG_WARN_SUSPICIOUS_MOVE = YES;
				CLANG_WARN_UNGUARDED_AVAILABILITY = YES_AGGRESSIVE;
				CLANG_WARN_UNREACHABLE_CODE = YES;
				CLANG_WARN__DUPLICATE_METHOD_MATCH = YES;
				COPY_PHASE_STRIP = NO;
				DEBUG_INFORMATION_FORMAT = "dwarf-with-dsym";
				ENABLE_NS_ASSERTIONS = NO;
				ENABLE_STRICT_OBJC_MSGSEND = YES;
				GCC_C_LANGUAGE_STANDARD = gnu11;
				GCC_NO_COMMON_BLOCKS = YES;
				GCC_WARN_64_TO_32_BIT_CONVERSION = YES;
				GCC_WARN_ABOUT_RETURN_TYPE = YES_ERROR;
				GCC_WARN_UNDECLARED_SELECTOR = YES;
				GCC_WARN_UNINITIALIZED_AUTOS = YES_AGGRESSIVE;
				GCC_WARN_UNUSED_FUNCTION = YES;
				GCC_WARN_UNUSED_VARIABLE = YES;
				IPHONEOS_DEPLOYMENT_TARGET = 16.4;
				MTL_ENABLE_DEBUG_INFO = NO;
				MTL_FAST_MATH = YES;
				SDKROOT = iphoneos;
				SWIFT_COMPILATION_MODE = wholemodule;
				SWIFT_OPTIMIZATION_LEVEL = "-O";
				VALIDATE_PRODUCT = YES;
			};
			name = Release;
		};
		3EB6F75A2A4D7B4A005E5571 /* Debug */ = {
			isa = XCBuildConfiguration;
			buildSettings = {
				ASSETCATALOG_COMPILER_APPICON_NAME = AppIcon;
				ASSETCATALOG_COMPILER_GLOBAL_ACCENT_COLOR_NAME = AccentColor;
				CODE_SIGN_STYLE = Automatic;
				CURRENT_PROJECT_VERSION = 1;
				DEVELOPMENT_ASSET_PATHS = "\"Tasks Matrix/Preview Content\"";
				ENABLE_PREVIEWS = YES;
				GENERATE_INFOPLIST_FILE = YES;
				INFOPLIST_KEY_UIApplicationSceneManifest_Generation = YES;
				INFOPLIST_KEY_UIApplicationSupportsIndirectInputEvents = YES;
				INFOPLIST_KEY_UILaunchScreen_Generation = YES;
				INFOPLIST_KEY_UISupportedInterfaceOrientations_iPad = "UIInterfaceOrientationPortrait UIInterfaceOrientationPortraitUpsideDown UIInterfaceOrientationLandscapeLeft UIInterfaceOrientationLandscapeRight";
				INFOPLIST_KEY_UISupportedInterfaceOrientations_iPhone = "UIInterfaceOrientationPortrait UIInterfaceOrientationLandscapeLeft UIInterfaceOrientationLandscapeRight";
				LD_RUNPATH_SEARCH_PATHS = (
					"$(inherited)",
					"@executable_path/Frameworks",
				);
				MARKETING_VERSION = 1.0;
				PRODUCT_BUNDLE_IDENTIFIER = "com.mantztech.Tasks-Matrix";
				PRODUCT_NAME = "$(TARGET_NAME)";
				SWIFT_EMIT_LOC_STRINGS = YES;
				SWIFT_VERSION = 5.0;
				TARGETED_DEVICE_FAMILY = "1,2";
			};
			name = Debug;
		};
		3EB6F75B2A4D7B4A005E5571 /* Release */ = {
			isa = XCBuildConfiguration;
			buildSettings = {
				ASSETCATALOG_COMPILER_APPICON_NAME = AppIcon;
				ASSETCATALOG_COMPILER_GLOBAL_ACCENT_COLOR_NAME = AccentColor;
				CODE_SIGN_STYLE = Automatic;
				CURRENT_PROJECT_VERSION = 1;
				DEVELOPMENT_ASSET_PATHS = "\"Tasks Matrix/Preview Content\"";
				ENABLE_PREVIEWS = YES;
				GENERATE_INFOPLIST_FILE = YES;
				INFOPLIST_KEY_UIApplicationSceneManifest_Generation = YES;
				INFOPLIST_KEY_UIApplicationSupportsIndirectInputEvents = YES;
				INFOPLIST_KEY_UILaunchScreen_Generation = YES;
				INFOPLIST_KEY_UISupportedInterfaceOrientations_iPad = "UIInterfaceOrientationPortrait UIInterfaceOrientationPortraitUpsideDown UIInterfaceOrientationLandscapeLeft UIInterfaceOrientationLandscapeRight";
				INFOPLIST_KEY_UISupportedInterfaceOrientations_iPhone = "UIInterfaceOrientationPortrait UIInterfaceOrientationLandscapeLeft UIInterfaceOrientationLandscapeRight";
				LD_RUNPATH_SEARCH_PATHS = (
					"$(inherited)",
					"@executable_path/Frameworks",
				);
				MARKETING_VERSION = 1.0;
				PRODUCT_BUNDLE_IDENTIFIER = "com.mantztech.Tasks-Matrix";
				PRODUCT_NAME = "$(TARGET_NAME)";
				SWIFT_EMIT_LOC_STRINGS = YES;
				SWIFT_VERSION = 5.0;
				TARGETED_DEVICE_FAMILY = "1,2";
			};
			name = Release;
		};
/* End XCBuildConfiguration section */

/* Begin XCConfigurationList section */
		3EB6F7462A4D7B49005E5571 /* Build configuration list for PBXProject "Tasks Matrix" */ = {
			isa = XCConfigurationList;
			buildConfigurations = (
				3EB6F7572A4D7B4A005E5571 /* Debug */,
				3EB6F7582A4D7B4A005E5571 /* Release */,
			);
			defaultConfigurationIsVisible = 0;
			defaultConfigurationName = Release;
		};
		3EB6F7592A4D7B4A005E5571 /* Build configuration list for PBXNativeTarget "Tasks Matrix" */ = {
			isa = XCConfigurationList;
			buildConfigurations = (
				3EB6F75A2A4D7B4A005E5571 /* Debug */,
				3EB6F75B2A4D7B4A005E5571 /* Release */,
			);
			defaultConfigurationIsVisible = 0;
			defaultConfigurationName = Release;
		};
/* End XCConfigurationList section */

/* Begin XCVersionGroup section */
		3EB910652A58F3E4009F15A2 /* TasksMatrix.xcdatamodeld */ = {
			isa = XCVersionGroup;
			children = (
				3EB910662A58F3E4009F15A2 /* TasksMatrix.xcdatamodel */,
			);
			currentVersion = 3EB910662A58F3E4009F15A2 /* TasksMatrix.xcdatamodel */;
			path = TasksMatrix.xcdatamodeld;
			sourceTree = "<group>";
			versionGroupType = wrapper.xcdatamodel;
		};
/* End XCVersionGroup section */
	};
	rootObject = 3EB6F7432A4D7B49005E5571 /* Project object */;
}
